
Microsoft Visual Studio Solution File, Format Version 12.00
# Visual Studio Version 16
VisualStudioVersion = 16.0.30204.135
MinimumVisualStudioVersion = 10.0.40219.1
Project("{FAE04EC0-301F-11D3-BF4B-00C04F79EFBC}") = "Lab_4", "Lab_4\Lab_4.csproj", "{B41E4A54-4012-48CF-832D-4DEDD7427FB0}"
EndProject
Global
	GlobalSection(SolutionConfigurationPlatforms) = preSolution
		Debug|Any CPU = Debug|Any CPU
		Release|Any CPU = Release|Any CPU
	EndGlobalSection
	GlobalSection(ProjectConfigurationPlatforms) = postSolution
		{B41E4A54-4012-48CF-832D-4DEDD7427FB0}.Debug|Any CPU.ActiveCfg = Debug|Any CPU
		{B41E4A54-4012-48CF-832D-4DEDD7427FB0}.Debug|Any CPU.Build.0 = Debug|Any CPU
		{B41E4A54-4012-48CF-832D-4DEDD7427FB0}.Release|Any CPU.ActiveCfg = Release|Any CPU
		{B41E4A54-4012-48CF-832D-4DEDD7427FB0}.Release|Any CPU.Build.0 = Release|Any CPU
	EndGlobalSection
	GlobalSection(SolutionProperties) = preSolution
		HideSolutionNode = FALSE
	EndGlobalSection
	GlobalSection(ExtensibilityGlobals) = postSolution
		SolutionGuid = {FFC22594-6DC6-478E-A930-B817038E705B}
	EndGlobalSection
EndGlobal
